<?xml version="1.0" encoding="utf-8"?>
<Project ToolsVersion="4.0" xmlns="http://schemas.microsoft.com/developer/msbuild/2003">
  <ItemGroup>
    <Filter Include="SoftwareRenderer">
      <UniqueIdentifier>{8db3fcca-aff4-47b0-aba1-6eb3f26d300f}</UniqueIdentifier>
    </Filter>
    <Filter Include="SoftwareRenderer\FrameBuffer">
      <UniqueIdentifier>{2690325f-4c20-4379-a1d1-f08f9d3051bd}</UniqueIdentifier>
    </Filter>
    <Filter Include="SoftwareRenderer\Misc">
      <UniqueIdentifier>{008450f4-529c-415d-a76d-364cd38d9cd8}</UniqueIdentifier>
    </Filter>
    <Filter Include="SoftwareRenderer\ImagePrimitives">
      <UniqueIdentifier>{e7632b48-29ea-448b-8982-42f16e427fee}</UniqueIdentifier>
    </Filter>
    <Filter Include="SoftwareRenderer\DrawPrimitives">
      <UniqueIdentifier>{104d365d-d490-494d-88b8-a83d1e45aea4}</UniqueIdentifier>
    </Filter>
    <Filter Include="SoftwareRenderer\Platform">
      <UniqueIdentifier>{a9952852-5f13-4084-aaa2-6655ab808654}</UniqueIdentifier>
    </Filter>
  </ItemGroup>
  <ItemGroup>
    <ClCompile Include="SoftwareRenderer.cpp">
      <Filter>SoftwareRenderer</Filter>
    </ClCompile>
    <ClCompile Include="main.cpp" />
    <ClCompile Include="FrameBuffer.cpp">
      <Filter>SoftwareRenderer\FrameBuffer</Filter>
    </ClCompile>
    <ClCompile Include="Misc.cpp">
      <Filter>SoftwareRenderer\Misc</Filter>
    </ClCompile>
    <ClCompile Include="DrawLine.cpp">
      <Filter>SoftwareRenderer\DrawPrimitives</Filter>
    </ClCompile>
    <ClCompile Include="StretchBlit.cpp">
      <Filter>SoftwareRenderer\ImagePrimitives</Filter>
    </ClCompile>
    <ClCompile Include="ScanConvert.cpp">
      <Filter>SoftwareRenderer\DrawPrimitives</Filter>
    </ClCompile>
    <ClCompile Include="CrossFade.cpp">
      <Filter>SoftwareRenderer\ImagePrimitives</Filter>
    </ClCompile>
    <ClCompile Include="Blend.cpp">
      <Filter>SoftwareRenderer\ImagePrimitives</Filter>
    </ClCompile>
    <ClCompile Include="DrawString.cpp">
      <Filter>SoftwareRenderer\Misc</Filter>
    </ClCompile>
    <ClCompile Include="Color.cpp">
      <Filter>SoftwareRenderer\Misc</Filter>
    </ClCompile>
    <ClCompile Include="Image.cpp">
      <Filter>SoftwareRenderer\ImagePrimitives</Filter>
    </ClCompile>
    <ClCompile Include="DrawPolygon.cpp">
      <Filter>SoftwareRenderer\DrawPrimitives</Filter>
    </ClCompile>
    <ClCompile Include="DrawTriangle.cpp">
      <Filter>SoftwareRenderer\DrawPrimitives</Filter>
    </ClCompile>
    <ClCompile Include="CPU.cpp">
      <Filter>SoftwareRenderer\Misc</Filter>
    </ClCompile>
    <ClCompile Include="Timer.cpp">
      <Filter>SoftwareRenderer\Misc</Filter>
    </ClCompile>
    <ClCompile Include="TestSuite.cpp" />
    <ClCompile Include="Input.cpp">
      <Filter>SoftwareRenderer\Misc</Filter>
    </ClCompile>
    <ClCompile Include="AlignedAlloc.cpp">
      <Filter>SoftwareRenderer\Misc</Filter>
    </ClCompile>
    <ClCompile Include="PlatformWin32.cpp">
      <Filter>SoftwareRenderer\Platform</Filter>
    </ClCompile>
  </ItemGroup>
  <ItemGroup>
    <ClInclude Include="SoftwareRenderer.h">
      <Filter>SoftwareRenderer</Filter>
    </ClInclude>
    <ClInclude Include="ScanConvert.h">
      <Filter>SoftwareRenderer\DrawPrimitives</Filter>
    </ClInclude>
    <ClInclude Include="Interpolator.h">
      <Filter>SoftwareRenderer\DrawPrimitives</Filter>
    </ClInclude>
    <ClInclude Include="CPU.h">
      <Filter>SoftwareRenderer\Misc</Filter>
    </ClInclude>
    <ClInclude Include="Timer.h">
      <Filter>SoftwareRenderer\Misc</Filter>
    </ClInclude>
    <ClInclude Include="TestSuite.h" />
    <ClInclude Include="Input.h">
      <Filter>SoftwareRenderer\Misc</Filter>
    </ClInclude>
    <ClInclude Include="Platform.h">
      <Filter>SoftwareRenderer\Platform</Filter>
    </ClInclude>
  </ItemGroup>
  <ItemGroup>
    <None Include="ToDo.txt" />
  </ItemGroup>
  <ItemGroup>
    <YASM Include="Blend_mmx.asm">
      <Filter>SoftwareRenderer\ImagePrimitives</Filter>
    </YASM>
  </ItemGroup>
</Project>